
Microsoft Visual Studio Solution File, Format Version 12.00
# Visual Studio 14
VisualStudioVersion = 14.0.24720.0
MinimumVisualStudioVersion = 10.0.40219.1
Project("{FAE04EC0-301F-11D3-BF4B-00C04F79EFBC}") = "DDDD2", "DDDD2\DDDD2.csproj", "{517D092C-AA6F-45DC-86F4-7A6176E35525}"
EndProject
Project("{FAE04EC0-301F-11D3-BF4B-00C04F79EFBC}") = "MyContentPipeline", "MyContentPipeline\MyContentPipeline.csproj", "{7C7F00A0-B8BA-4BB1-81AA-B794BED33BBD}"
EndProject
Global
	GlobalSection(SolutionConfigurationPlatforms) = preSolution
		Debug|Any CPU = Debug|Any CPU
		Debug|x86 = Debug|x86
		Release|Any CPU = Release|Any CPU
		Release|x86 = Release|x86
	EndGlobalSection
	GlobalSection(ProjectConfigurationPlatforms) = postSolution
		{517D092C-AA6F-45DC-86F4-7A6176E35525}.Debug|Any CPU.ActiveCfg = Debug|x86
		{517D092C-AA6F-45DC-86F4-7A6176E35525}.Debug|x86.ActiveCfg = Debug|x86
		{517D092C-AA6F-45DC-86F4-7A6176E35525}.Debug|x86.Build.0 = Debug|x86
		{517D092C-AA6F-45DC-86F4-7A6176E35525}.Release|Any CPU.ActiveCfg = Release|x86
		{517D092C-AA6F-45DC-86F4-7A6176E35525}.Release|x86.ActiveCfg = Release|x86
		{517D092C-AA6F-45DC-86F4-7A6176E35525}.Release|x86.Build.0 = Release|x86
		{7C7F00A0-B8BA-4BB1-81AA-B794BED33BBD}.Debug|Any CPU.ActiveCfg = Debug|Any CPU
		{7C7F00A0-B8BA-4BB1-81AA-B794BED33BBD}.Debug|Any CPU.Build.0 = Debug|Any CPU
		{7C7F00A0-B8BA-4BB1-81AA-B794BED33BBD}.Debug|x86.ActiveCfg = Debug|Any CPU
		{7C7F00A0-B8BA-4BB1-81AA-B794BED33BBD}.Debug|x86.Build.0 = Debug|Any CPU
		{7C7F00A0-B8BA-4BB1-81AA-B794BED33BBD}.Release|Any CPU.ActiveCfg = Release|Any CPU
		{7C7F00A0-B8BA-4BB1-81AA-B794BED33BBD}.Release|Any CPU.Build.0 = Release|Any CPU
		{7C7F00A0-B8BA-4BB1-81AA-B794BED33BBD}.Release|x86.ActiveCfg = Release|Any CPU
		{7C7F00A0-B8BA-4BB1-81AA-B794BED33BBD}.Release|x86.Build.0 = Release|Any CPU
	EndGlobalSection
	GlobalSection(SolutionProperties) = preSolution
		HideSolutionNode = FALSE
	EndGlobalSection
EndGlobal
